// !$*UTF8*$!
{
	archiveVersion = 1;
	classes = {
	};
	objectVersion = 46;
	objects = {

/* Begin PBXBuildFile section */
		59293DC61A79E73A00ADC872 /* AppDelegate.swift in Sources */ = {isa = PBXBuildFile; fileRef = 59293DC51A79E73A00ADC872 /* AppDelegate.swift */; };
		59293DC81A79E73A00ADC872 /* GameScene.sks in Resources */ = {isa = PBXBuildFile; fileRef = 59293DC71A79E73A00ADC872 /* GameScene.sks */; };
		59293DCA1A79E73A00ADC872 /* GameScene.swift in Sources */ = {isa = PBXBuildFile; fileRef = 59293DC91A79E73A00ADC872 /* GameScene.swift */; };
		59293DCC1A79E73A00ADC872 /* GameViewController.swift in Sources */ = {isa = PBXBuildFile; fileRef = 59293DCB1A79E73A00ADC872 /* GameViewController.swift */; };
		59293DCF1A79E73A00ADC872 /* Main.storyboard in Resources */ = {isa = PBXBuildFile; fileRef = 59293DCD1A79E73A00ADC872 /* Main.storyboard */; };
		59293DD11A79E73A00ADC872 /* Images.xcassets in Resources */ = {isa = PBXBuildFile; fileRef = 59293DD01A79E73A00ADC872 /* Images.xcassets */; };
		59293DD41A79E73A00ADC872 /* LaunchScreen.xib in Resources */ = {isa = PBXBuildFile; fileRef = 59293DD21A79E73A00ADC872 /* LaunchScreen.xib */; };
		59293DE01A79E73B00ADC872 /* flappyTests.swift in Sources */ = {isa = PBXBuildFile; fileRef = 59293DDF1A79E73B00ADC872 /* flappyTests.swift */; };
		59293DEF1A79EC2800ADC872 /* bg.png in Resources */ = {isa = PBXBuildFile; fileRef = 59293DEA1A79EC2800ADC872 /* bg.png */; };
		59293DF01A79EC2800ADC872 /* flappy1.png in Resources */ = {isa = PBXBuildFile; fileRef = 59293DEB1A79EC2800ADC872 /* flappy1.png */; };
		59293DF11A79EC2800ADC872 /* flappy2.png in Resources */ = {isa = PBXBuildFile; fileRef = 59293DEC1A79EC2800ADC872 /* flappy2.png */; };
		59293DF21A79EC2800ADC872 /* pipe1.png in Resources */ = {isa = PBXBuildFile; fileRef = 59293DED1A79EC2800ADC872 /* pipe1.png */; };
		59293DF31A79EC2800ADC872 /* pipe2.png in Resources */ = {isa = PBXBuildFile; fileRef = 59293DEE1A79EC2800ADC872 /* pipe2.png */; };
		59293DF51A79ED3500ADC872 /* brownBear.png in Resources */ = {isa = PBXBuildFile; fileRef = 59293DF41A79ED3500ADC872 /* brownBear.png */; };
		59293DF71A79EDB000ADC872 /* h@bBack.png in Resources */ = {isa = PBXBuildFile; fileRef = 59293DF61A79EDB000ADC872 /* h@bBack.png */; };
/* End PBXBuildFile section */

/* Begin PBXContainerItemProxy section */
		59293DDA1A79E73B00ADC872 /* PBXContainerItemProxy */ = {
			isa = PBXContainerItemProxy;
			containerPortal = 59293DB81A79E73A00ADC872 /* Project object */;
			proxyType = 1;
			remoteGlobalIDString = 59293DBF1A79E73A00ADC872;
			remoteInfo = flappy;
		};
/* End PBXContainerItemProxy section */

/* Begin PBXFileReference section */
		59293DC01A79E73A00ADC872 /* flappy.app */ = {isa = PBXFileReference; explicitFileType = wrapper.application; includeInIndex = 0; path = flappy.app; sourceTree = BUILT_PRODUCTS_DIR; };
		59293DC41A79E73A00ADC872 /* Info.plist */ = {isa = PBXFileReference; lastKnownFileType = text.plist.xml; path = Info.plist; sourceTree = "<group>"; };
		59293DC51A79E73A00ADC872 /* AppDelegate.swift */ = {isa = PBXFileReference; lastKnownFileType = sourcecode.swift; path = AppDelegate.swift; sourceTree = "<group>"; };
		59293DC71A79E73A00ADC872 /* GameScene.sks */ = {isa = PBXFileReference; lastKnownFileType = file.sks; path = GameScene.sks; sourceTree = "<group>"; };
		59293DC91A79E73A00ADC872 /* GameScene.swift */ = {isa = PBXFileReference; lastKnownFileType = sourcecode.swift; path = GameScene.swift; sourceTree = "<group>"; };
		59293DCB1A79E73A00ADC872 /* GameViewController.swift */ = {isa = PBXFileReference; lastKnownFileType = sourcecode.swift; path = GameViewController.swift; sourceTree = "<group>"; };
		59293DCE1A79E73A00ADC872 /* Base */ = {isa = PBXFileReference; lastKnownFileType = file.storyboard; name = Base; path = Base.lproj/Main.storyboard; sourceTree = "<group>"; };
		59293DD01A79E73A00ADC872 /* Images.xcassets */ = {isa = PBXFileReference; lastKnownFileType = folder.assetcatalog; path = Images.xcassets; sourceTree = "<group>"; };
		59293DD31A79E73A00ADC872 /* Base */ = {isa = PBXFileReference; lastKnownFileType = file.xib; name = Base; path = Base.lproj/LaunchScreen.xib; sourceTree = "<group>"; };
		59293DD91A79E73B00ADC872 /* flappyTests.xctest */ = {isa = PBXFileReference; explicitFileType = wrapper.cfbundle; includeInIndex = 0; path = flappyTests.xctest; sourceTree = BUILT_PRODUCTS_DIR; };
		59293DDE1A79E73B00ADC872 /* Info.plist */ = {isa = PBXFileReference; lastKnownFileType = text.plist.xml; path = Info.plist; sourceTree = "<group>"; };
		59293DDF1A79E73B00ADC872 /* flappyTests.swift */ = {isa = PBXFileReference; lastKnownFileType = sourcecode.swift; path = flappyTests.swift; sourceTree = "<group>"; };
		59293DEA1A79EC2800ADC872 /* bg.png */ = {isa = PBXFileReference; lastKnownFileType = image.png; path = bg.png; sourceTree = "<group>"; };
		59293DEB1A79EC2800ADC872 /* flappy1.png */ = {isa = PBXFileReference; lastKnownFileType = image.png; path = flappy1.png; sourceTree = "<group>"; };
		59293DEC1A79EC2800ADC872 /* flappy2.png */ = {isa = PBXFileReference; lastKnownFileType = image.png; path = flappy2.png; sourceTree = "<group>"; };
		59293DED1A79EC2800ADC872 /* pipe1.png */ = {isa = PBXFileReference; lastKnownFileType = image.png; path = pipe1.png; sourceTree = "<group>"; };
		59293DEE1A79EC2800ADC872 /* pipe2.png */ = {isa = PBXFileReference; lastKnownFileType = image.png; path = pipe2.png; sourceTree = "<group>"; };
		59293DF41A79ED3500ADC872 /* brownBear.png */ = {isa = PBXFileReference; lastKnownFileType = image.png; path = brownBear.png; sourceTree = "<group>"; };
		59293DF61A79EDB000ADC872 /* h@bBack.png */ = {isa = PBXFileReference; lastKnownFileType = image.png; path = "h@bBack.png"; sourceTree = "<group>"; };
/* End PBXFileReference section */

/* Begin PBXFrameworksBuildPhase section */
		59293DBD1A79E73A00ADC872 /* Frameworks */ = {
			isa = PBXFrameworksBuildPhase;
			buildActionMask = 2147483647;
			files = (
			);
			runOnlyForDeploymentPostprocessing = 0;
		};
		59293DD61A79E73B00ADC872 /* Frameworks */ = {
			isa = PBXFrameworksBuildPhase;
			buildActionMask = 2147483647;
			files = (
			);
			runOnlyForDeploymentPostprocessing = 0;
		};
/* End PBXFrameworksBuildPhase section */

/* Begin PBXGroup section */
		59293DB71A79E73A00ADC872 = {
			isa = PBXGroup;
			children = (
				59293DC21A79E73A00ADC872 /* flappy */,
				59293DDC1A79E73B00ADC872 /* flappyTests */,
				59293DC11A79E73A00ADC872 /* Products */,
			);
			sourceTree = "<group>";
		};
		59293DC11A79E73A00ADC872 /* Products */ = {
			isa = PBXGroup;
			children = (
				59293DC01A79E73A00ADC872 /* flappy.app */,
				59293DD91A79E73B00ADC872 /* flappyTests.xctest */,
			);
			name = Products;
			sourceTree = "<group>";
		};
		59293DC21A79E73A00ADC872 /* flappy */ = {
			isa = PBXGroup;
			children = (
				59293DC51A79E73A00ADC872 /* AppDelegate.swift */,
				59293DC71A79E73A00ADC872 /* GameScene.sks */,
				59293DE91A79EC2800ADC872 /* img */,
				59293DC91A79E73A00ADC872 /* GameScene.swift */,
				59293DCB1A79E73A00ADC872 /* GameViewController.swift */,
				59293DCD1A79E73A00ADC872 /* Main.storyboard */,
				59293DD01A79E73A00ADC872 /* Images.xcassets */,
				59293DD21A79E73A00ADC872 /* LaunchScreen.xib */,
				59293DC31A79E73A00ADC872 /* Supporting Files */,
			);
			path = flappy;
			sourceTree = "<group>";
		};
		59293DC31A79E73A00ADC872 /* Supporting Files */ = {
			isa = PBXGroup;
			children = (
				59293DC41A79E73A00ADC872 /* Info.plist */,
			);
			name = "Supporting Files";
			sourceTree = "<group>";
		};
		59293DDC1A79E73B00ADC872 /* flappyTests */ = {
			isa = PBXGroup;
			children = (
				59293DDF1A79E73B00ADC872 /* flappyTests.swift */,
				59293DDD1A79E73B00ADC872 /* Supporting Files */,
			);
			path = flappyTests;
			sourceTree = "<group>";
		};
		59293DDD1A79E73B00ADC872 /* Supporting Files */ = {
			isa = PBXGroup;
			children = (
				59293DDE1A79E73B00ADC872 /* Info.plist */,
			);
			name = "Supporting Files";
			sourceTree = "<group>";
		};
		59293DE91A79EC2800ADC872 /* img */ = {
			isa = PBXGroup;
			children = (
				59293DEA1A79EC2800ADC872 /* bg.png */,
				59293DF61A79EDB000ADC872 /* h@bBack.png */,
				59293DF41A79ED3500ADC872 /* brownBear.png */,
				59293DEB1A79EC2800ADC872 /* flappy1.png */,
				59293DEC1A79EC2800ADC872 /* flappy2.png */,
				59293DED1A79EC2800ADC872 /* pipe1.png */,
				59293DEE1A79EC2800ADC872 /* pipe2.png */,
			);
			path = img;
			sourceTree = "<group>";
		};
/* End PBXGroup section */

/* Begin PBXNativeTarget section */
		59293DBF1A79E73A00ADC872 /* flappy */ = {
			isa = PBXNativeTarget;
			buildConfigurationList = 59293DE31A79E73B00ADC872 /* Build configuration list for PBXNativeTarget "flappy" */;
			buildPhases = (
				59293DBC1A79E73A00ADC872 /* Sources */,
				59293DBD1A79E73A00ADC872 /* Frameworks */,
				59293DBE1A79E73A00ADC872 /* Resources */,
			);
			buildRules = (
			);
			dependencies = (
			);
			name = flappy;
			productName = flappy;
			productReference = 59293DC01A79E73A00ADC872 /* flappy.app */;
			productType = "com.apple.product-type.application";
		};
		59293DD81A79E73B00ADC872 /* flappyTests */ = {
			isa = PBXNativeTarget;
			buildConfigurationList = 59293DE61A79E73B00ADC872 /* Build configuration list for PBXNativeTarget "flappyTests" */;
			buildPhases = (
				59293DD51A79E73B00ADC872 /* Sources */,
				59293DD61A79E73B00ADC872 /* Frameworks */,
				59293DD71A79E73B00ADC872 /* Resources */,
			);
			buildRules = (
			);
			dependencies = (
				59293DDB1A79E73B00ADC872 /* PBXTargetDependency */,
			);
			name = flappyTests;
			productName = flappyTests;
			productReference = 59293DD91A79E73B00ADC872 /* flappyTests.xctest */;
			productType = "com.apple.product-type.bundle.unit-test";
		};
/* End PBXNativeTarget section */

/* Begin PBXProject section */
		59293DB81A79E73A00ADC872 /* Project object */ = {
			isa = PBXProject;
			attributes = {
				LastUpgradeCheck = 0610;
				ORGANIZATIONNAME = "Valpe Technologies LLC";
				TargetAttributes = {
					59293DBF1A79E73A00ADC872 = {
						CreatedOnToolsVersion = 6.1.1;
					};
					59293DD81A79E73B00ADC872 = {
						CreatedOnToolsVersion = 6.1.1;
						TestTargetID = 59293DBF1A79E73A00ADC872;
					};
				};
			};
			buildConfigurationList = 59293DBB1A79E73A00ADC872 /* Build configuration list for PBXProject "flappy" */;
			compatibilityVersion = "Xcode 3.2";
			developmentRegion = English;
			hasScannedForEncodings = 0;
			knownRegions = (
				en,
				Base,
			);
			mainGroup = 59293DB71A79E73A00ADC872;
			productRefGroup = 59293DC11A79E73A00ADC872 /* Products */;
			projectDirPath = "";
			projectRoot = "";
			targets = (
				59293DBF1A79E73A00ADC872 /* flappy */,
				59293DD81A79E73B00ADC872 /* flappyTests */,
			);
		};
/* End PBXProject section */

/* Begin PBXResourcesBuildPhase section */
		59293DBE1A79E73A00ADC872 /* Resources */ = {
			isa = PBXResourcesBuildPhase;
			buildActionMask = 2147483647;
			files = (
				59293DF11A79EC2800ADC872 /* flappy2.png in Resources */,
				59293DEF1A79EC2800ADC872 /* bg.png in Resources */,
				59293DD41A79E73A00ADC872 /* LaunchScreen.xib in Resources */,
				59293DF21A79EC2800ADC872 /* pipe1.png in Resources */,
				59293DD11A79E73A00ADC872 /* Images.xcassets in Resources */,
				59293DF31A79EC2800ADC872 /* pipe2.png in Resources */,
				59293DF51A79ED3500ADC872 /* brownBear.png in Resources */,
				59293DF71A79EDB000ADC872 /* h@bBack.png in Resources */,
				59293DC81A79E73A00ADC872 /* GameScene.sks in Resources */,
				59293DCF1A79E73A00ADC872 /* Main.storyboard in Resources */,
				59293DF01A79EC2800ADC872 /* flappy1.png in Resources */,
			);
			runOnlyForDeploymentPostprocessing = 0;
		};
		59293DD71A79E73B00ADC872 /* Resources */ = {
			isa = PBXResourcesBuildPhase;
			buildActionMask = 2147483647;
			files = (
			);
			runOnlyForDeploymentPostprocessing = 0;
		};
/* End PBXResourcesBuildPhase section */

/* Begin PBXSourcesBuildPhase section */
		59293DBC1A79E73A00ADC872 /* Sources */ = {
			isa = PBXSourcesBuildPhase;
			buildActionMask = 2147483647;
			files = (
				59293DCA1A79E73A00ADC872 /* GameScene.swift in Sources */,
				59293DCC1A79E73A00ADC872 /* GameViewController.swift in Sources */,
				59293DC61A79E73A00ADC872 /* AppDelegate.swift in Sources */,
			);
			runOnlyForDeploymentPostprocessing = 0;
		};
		59293DD51A79E73B00ADC872 /* Sources */ = {
			isa = PBXSourcesBuildPhase;
			buildActionMask = 2147483647;
			files = (
				59293DE01A79E73B00ADC872 /* flappyTests.swift in Sources */,
			);
			runOnlyForDeploymentPostprocessing = 0;
		};
/* End PBXSourcesBuildPhase section */

/* Begin PBXTargetDependency section */
		59293DDB1A79E73B00ADC872 /* PBXTargetDependency */ = {
			isa = PBXTargetDependency;
			target = 59293DBF1A79E73A00ADC872 /* flappy */;
			targetProxy = 59293DDA1A79E73B00ADC872 /* PBXContainerItemProxy */;
		};
/* End PBXTargetDependency section */

/* Begin PBXVariantGroup section */
		59293DCD1A79E73A00ADC872 /* Main.storyboard */ = {
			isa = PBXVariantGroup;
			children = (
				59293DCE1A79E73A00ADC872 /* Base */,
			);
			name = Main.storyboard;
			sourceTree = "<group>";
		};
		59293DD21A79E73A00ADC872 /* LaunchScreen.xib */ = {
			isa = PBXVariantGroup;
			children = (
				59293DD31A79E73A00ADC872 /* Base */,
			);
			name = LaunchScreen.xib;
			sourceTree = "<group>";
		};
/* End PBXVariantGroup section */

/* Begin XCBuildConfiguration section */
		59293DE11A79E73B00ADC872 /* Debug */ = {
			isa = XCBuildConfiguration;
			buildSettings = {
				ALWAYS_SEARCH_USER_PATHS = NO;
				CLANG_CXX_LANGUAGE_STANDARD = "gnu++0x";
				CLANG_CXX_LIBRARY = "libc++";
				CLANG_ENABLE_MODULES = YES;
				CLANG_ENABLE_OBJC_ARC = YES;
				CLANG_WARN_BOOL_CONVERSION = YES;
				CLANG_WARN_CONSTANT_CONVERSION = YES;
				CLANG_WARN_DIRECT_OBJC_ISA_USAGE = YES_ERROR;
				CLANG_WARN_EMPTY_BODY = YES;
				CLANG_WARN_ENUM_CONVERSION = YES;
				CLANG_WARN_INT_CONVERSION = YES;
				CLANG_WARN_OBJC_ROOT_CLASS = YES_ERROR;
				CLANG_WARN_UNREACHABLE_CODE = YES;
				CLANG_WARN__DUPLICATE_METHOD_MATCH = YES;
				"CODE_SIGN_IDENTITY[sdk=iphoneos*]" = "iPhone Developer";
				COPY_PHASE_STRIP = NO;
				ENABLE_STRICT_OBJC_MSGSEND = YES;
				GCC_C_LANGUAGE_STANDARD = gnu99;
				GCC_DYNAMIC_NO_PIC = NO;
				GCC_OPTIMIZATION_LEVEL = 0;
				GCC_PREPROCESSOR_DEFINITIONS = (
					"DEBUG=1",
					"$(inherited)",
				);
				GCC_SYMBOLS_PRIVATE_EXTERN = NO;
				GCC_WARN_64_TO_32_BIT_CONVERSION = YES;
				GCC_WARN_ABOUT_RETURN_TYPE = YES_ERROR;
				GCC_WARN_UNDECLARED_SELECTOR = YES;
				GCC_WARN_UNINITIALIZED_AUTOS = YES_AGGRESSIVE;
				GCC_WARN_UNUSED_FUNCTION = YES;
				GCC_WARN_UNUSED_VARIABLE = YES;
				IPHONEOS_DEPLOYMENT_TARGET = 8.1;
				MTL_ENABLE_DEBUG_INFO = YES;
				ONLY_ACTIVE_ARCH = YES;
				SDKROOT = iphoneos;
				SWIFT_OPTIMIZATION_LEVEL = "-Onone";
			};
			name = Debug;
		};
		59293DE21A79E73B00ADC872 /* Release */ = {
			isa = XCBuildConfiguration;
			buildSettings = {
				ALWAYS_SEARCH_USER_PATHS = NO;
				CLANG_CXX_LANGUAGE_STANDARD = "gnu++0x";
				CLANG_CXX_LIBRARY = "libc++";
				CLANG_ENABLE_MODULES = YES;
				CLANG_ENABLE_OBJC_ARC = YES;
				CLANG_WARN_BOOL_CONVERSION = YES;
				CLANG_WARN_CONSTANT_CONVERSION = YES;
				CLANG_WARN_DIRECT_OBJC_ISA_USAGE = YES_ERROR;
				CLANG_WARN_EMPTY_BODY = YES;
				CLANG_WARN_ENUM_CONVERSION = YES;
				CLANG_WARN_INT_CONVERSION = YES;
				CLANG_WARN_OBJC_ROOT_CLASS = YES_ERROR;
				CLANG_WARN_UNREACHABLE_CODE = YES;
				CLANG_WARN__DUPLICATE_METHOD_MATCH = YES;
				"CODE_SIGN_IDENTITY[sdk=iphoneos*]" = "iPhone Developer";
				COPY_PHASE_STRIP = YES;
				ENABLE_NS_ASSERTIONS = NO;
				ENABLE_STRICT_OBJC_MSGSEND = YES;
				GCC_C_LANGUAGE_STANDARD = gnu99;
				GCC_WARN_64_TO_32_BIT_CONVERSION = YES;
				GCC_WARN_ABOUT_RETURN_TYPE = YES_ERROR;
				GCC_WARN_UNDECLARED_SELECTOR = YES;
				GCC_WARN_UNINITIALIZED_AUTOS = YES_AGGRESSIVE;
				GCC_WARN_UNUSED_FUNCTION = YES;
				GCC_WARN_UNUSED_VARIABLE = YES;
				IPHONEOS_DEPLOYMENT_TARGET = 8.1;
				MTL_ENABLE_DEBUG_INFO = NO;
				SDKROOT = iphoneos;
				VALIDATE_PRODUCT = YES;
			};
			name = Release;
		};
		59293DE41A79E73B00ADC872 /* Debug */ = {
			isa = XCBuildConfiguration;
			buildSettings = {
				ASSETCATALOG_COMPILER_APPICON_NAME = AppIcon;
				INFOPLIST_FILE = flappy/Info.plist;
				LD_RUNPATH_SEARCH_PATHS = "$(inherited) @executable_path/Frameworks";
				PRODUCT_NAME = "$(TARGET_NAME)";
			};
			name = Debug;
		};
		59293DE51A79E73B00ADC872 /* Release */ = {
			isa = XCBuildConfiguration;
			buildSettings = {
				ASSETCATALOG_COMPILER_APPICON_NAME = AppIcon;
				INFOPLIST_FILE = flappy/Info.plist;
				LD_RUNPATH_SEARCH_PATHS = "$(inherited) @executable_path/Frameworks";
				PRODUCT_NAME = "$(TARGET_NAME)";
			};
			name = Release;
		};
		59293DE71A79E73B00ADC872 /* Debug */ = {
			isa = XCBuildConfiguration;
			buildSettings = {
				BUNDLE_LOADER = "$(TEST_HOST)";
				FRAMEWORK_SEARCH_PATHS = (
					"$(SDKROOT)/Developer/Library/Frameworks",
					"$(inherited)",
				);
				GCC_PREPROCESSOR_DEFINITIONS = (
					"DEBUG=1",
					"$(inherited)",
				);
				INFOPLIST_FILE = flappyTests/Info.plist;
				LD_RUNPATH_SEARCH_PATHS = "$(inherited) @executable_path/Frameworks @loader_path/Frameworks";
				PRODUCT_NAME = "$(TARGET_NAME)";
				TEST_HOST = "$(BUILT_PRODUCTS_DIR)/flappy.app/flappy";
			};
			name = Debug;
		};
		59293DE81A79E73B00ADC872 /* Release */ = {
			isa = XCBuildConfiguration;
			buildSettings = {
				BUNDLE_LOADER = "$(TEST_HOST)";
				FRAMEWORK_SEARCH_PATHS = (
					"$(SDKROOT)/Developer/Library/Frameworks",
					"$(inherited)",
				);
				INFOPLIST_FILE = flappyTests/Info.plist;
				LD_RUNPATH_SEARCH_PATHS = "$(inherited) @executable_path/Frameworks @loader_path/Frameworks";
				PRODUCT_NAME = "$(TARGET_NAME)";
				TEST_HOST = "$(BUILT_PRODUCTS_DIR)/flappy.app/flappy";
			};
			name = Release;
		};
/* End XCBuildConfiguration section */

/* Begin XCConfigurationList section */
		59293DBB1A79E73A00ADC872 /* Build configuration list for PBXProject "flappy" */ = {
			isa = XCConfigurationList;
			buildConfigurations = (
				59293DE11A79E73B00ADC872 /* Debug */,
				59293DE21A79E73B00ADC872 /* Release */,
			);
			defaultConfigurationIsVisible = 0;
			defaultConfigurationName = Release;
		};
		59293DE31A79E73B00ADC872 /* Build configuration list for PBXNativeTarget "flappy" */ = {
			isa = XCConfigurationList;
			buildConfigurations = (
				59293DE41A79E73B00ADC872 /* Debug */,
				59293DE51A79E73B00ADC872 /* Release */,
			);
			defaultConfigurationIsVisible = 0;
			defaultConfigurationName = Release;
		};
		59293DE61A79E73B00ADC872 /* Build configuration list for PBXNativeTarget "flappyTests" */ = {
			isa = XCConfigurationList;
			buildConfigurations = (
				59293DE71A79E73B00ADC872 /* Debug */,
				59293DE81A79E73B00ADC872 /* Release */,
			);
			defaultConfigurationIsVisible = 0;
			defaultConfigurationName = Release;
		};
/* End XCConfigurationList section */
	};
	rootObject = 59293DB81A79E73A00ADC872 /* Project object */;
}
